
Microsoft Visual Studio Solution File, Format Version 12.00
# Visual Studio Version 17
VisualStudioVersion = 17.9.34622.214
MinimumVisualStudioVersion = 10.0.40219.1
Project("{FAE04EC0-301F-11D3-BF4B-00C04F79EFBC}") = "TheDucks", "TheDucks\TheDucks.csproj", "{3F370992-9259-465B-B43F-7EB465936D4A}"
EndProject
Global
	GlobalSection(SolutionConfigurationPlatforms) = preSolution
		Debug|Any CPU = Debug|Any CPU
		Release|Any CPU = Release|Any CPU
	EndGlobalSection
	GlobalSection(ProjectConfigurationPlatforms) = postSolution
		{3F370992-9259-465B-B43F-7EB465936D4A}.Debug|Any CPU.ActiveCfg = Debug|Any CPU
		{3F370992-9259-465B-B43F-7EB465936D4A}.Debug|Any CPU.Build.0 = Debug|Any CPU
		{3F370992-9259-465B-B43F-7EB465936D4A}.Release|Any CPU.ActiveCfg = Release|Any CPU
		{3F370992-9259-465B-B43F-7EB465936D4A}.Release|Any CPU.Build.0 = Release|Any CPU
	EndGlobalSection
	GlobalSection(SolutionProperties) = preSolution
		HideSolutionNode = FALSE
	EndGlobalSection
	GlobalSection(ExtensibilityGlobals) = postSolution
		SolutionGuid = {C85F786E-6F60-4D13-9702-A1B4E8E44DB1}
	EndGlobalSection
EndGlobal
